
Microsoft Visual Studio Solution File, Format Version 12.00
Project("{FAE04EC0-301F-11D3-BF4B-00C04F79EFBC}") = "Blocktest", "Blocktest\Blocktest.csproj", "{E565BF25-3CE9-452E-95B1-F10595B11922}"
EndProject
Global
	GlobalSection(SolutionConfigurationPlatforms) = preSolution
		Debug|Any CPU = Debug|Any CPU
		Release|Any CPU = Release|Any CPU
	EndGlobalSection
	GlobalSection(ProjectConfigurationPlatforms) = postSolution
		{E565BF25-3CE9-452E-95B1-F10595B11922}.Debug|Any CPU.ActiveCfg = Debug|Any CPU
		{E565BF25-3CE9-452E-95B1-F10595B11922}.Debug|Any CPU.Build.0 = Debug|Any CPU
		{E565BF25-3CE9-452E-95B1-F10595B11922}.Release|Any CPU.ActiveCfg = Release|Any CPU
		{E565BF25-3CE9-452E-95B1-F10595B11922}.Release|Any CPU.Build.0 = Release|Any CPU
	EndGlobalSection
EndGlobal
