{
  "version": 1,
  "dependencies": {
    "net8.0": {
      "LiteNetLib": {
        "type": "Direct",
        "requested": "[1.2.0, )",
        "resolved": "1.2.0",
        "contentHash": "N4pJ6Drzdt7M7Ok//J1YB1t2jBNQikKud3OEgllUwK2qcu6elLyvb+vgOy4WJy9xbyobYg7oav1g5vuoaDHLuw=="
      },
      "MonoGame.Content.Builder.Task": {
        "type": "Direct",
        "requested": "[3.8.1.303, )",
        "resolved": "3.8.1.303",
        "contentHash": "9Ilzzje62LhWElbPNEl7vh7XsRSbze+lvCJdZtTZUGu48FRgvYN6THURwIB9PN98EI33/Wnf6iuShNUtD7hL4Q=="
      },
      "MonoGame.Framework.DesktopGL": {
        "type": "Direct",
        "requested": "[3.8.1.303, )",
        "resolved": "3.8.1.303",
        "contentHash": "eGYhqn0n1olk8MNYeE9EuBmoNNECN1T18rPMaQpkzsEQ0H3nVyFPXC+uCo78v5pi5juQpJ3PSFnSkjzZJ1U58A=="
      },
      "Myra": {
        "type": "Direct",
        "requested": "[1.5.5, )",
        "resolved": "1.5.5",
        "contentHash": "Iv6JnC3QnpNWXcF10JZRxthm8WfMCh0Iha58ja81MW9MXg8/Oo3WrBjFOt3ZLVzlhkrVbzCGjEpFlJELiyDq1A==",
        "dependencies": {
          "FontStashSharp.MonoGame": "1.3.6",
          "XNAssets.MonoGame": "0.7.1",
          "info.lundin.math.dll": "1.2.6"
        }
      },
      "Nopipeline.Task": {
        "type": "Direct",
        "requested": "[2.2.*, )",
        "resolved": "2.2.0",
        "contentHash": "u06nYzGcXCBcnF7cRe8Xa0KxBxGx8grhujZmb3PUiMVbds8d/I6qJ+waGn0IeC7Tdwmt0P6l3v7MqdYog5rJQg=="
      },
      "AssetManagementBase": {
        "type": "Transitive",
        "resolved": "0.6.7",
        "contentHash": "jIaUsU6wazL0S6O0bgIx8Xn2D8rwaSJFb7WlNvKQbEwrx+h6ABl1xxcFKfoMVzNB7CV/+BhEjmeNdKmf3Wm9Ag=="
      },
      "Cyotek.Drawing.BitmapFont": {
        "type": "Transitive",
        "resolved": "2.0.4",
        "contentHash": "iA6WehGVdMUuNbfsQQDq/Bt+mMd/OqHjiMUtKFLIQd/0pyYh4ehT7FEjTxN9/4OXNKQZsp9bAJgltP2nnswUJg=="
      },
      "DdsKtxXna.MonoGame": {
        "type": "Transitive",
        "resolved": "0.4.4",
        "contentHash": "fafUrTw865cOMn3YwXFPjFPNdhlEBeSCJSjxZB68j9WKp+Mq5s53SaoeRbn8Bq+K8zy5x1KJdOT4/6wfFYpIDQ=="
      },
      "FontStashSharp.Base": {
        "type": "Transitive",
        "resolved": "1.1.9",
        "contentHash": "/AjkOcPNijs8vyNgcCj3FfBJbVWmsSH744hqkhLfBt8qspDz/tEoD+U09my5u9eRBX6zX+RLQ/gdCvwy+ZBOtg=="
      },
      "FontStashSharp.MonoGame": {
        "type": "Transitive",
        "resolved": "1.3.6",
        "contentHash": "Oxu3nX8MoyNvS4bCfz4ntewdQkgsoFfPhPMRnUToLeAZh34yvfDJ5l4mxRbzF9p5/Dx49k66lUhfiNR6CbGh4w==",
        "dependencies": {
          "Cyotek.Drawing.BitmapFont": "2.0.4",
          "FontStashSharp.Base": "1.1.9",
          "FontStashSharp.Rasterizers.StbTrueTypeSharp": "1.1.9",
          "StbImageSharp": "2.27.13"
        }
      },
      "FontStashSharp.Rasterizers.StbTrueTypeSharp": {
        "type": "Transitive",
        "resolved": "1.1.9",
        "contentHash": "yi5iuTERem46uyHC5p+jRi3Jh8dKWzgNWLqcvHciGlyVHD1cWFdERgnxshZU4xWB2hRGnogxaCudCirbMpg4eQ==",
        "dependencies": {
          "FontStashSharp.Base": "1.1.9",
          "StbTrueTypeSharp": "1.26.12"
        }
      },
      "info.lundin.math.dll": {
        "type": "Transitive",
        "resolved": "1.2.6",
        "contentHash": "rCSUXUISKOmFkpEPd9wZJP9bHsyozEwvid3zO4gByG1QQX9IMAUZ8R9OZmpKp20JWrBMGBMTgoXAuLCSoK6VAQ=="
      },
      "StbImageSharp": {
        "type": "Transitive",
        "resolved": "2.27.13",
        "contentHash": "tHnP2RHgFzWbOS96UqvRO/LYU1WmpMT1bKiig45we+rpaXacBr11Fq2IBF+MqlgyLyNXxRz18E66qr4R9YlSbg=="
      },
      "StbTrueTypeSharp": {
        "type": "Transitive",
        "resolved": "1.26.12",
        "contentHash": "hCc6/OsfcPa5VsLECcEU2m78WOshBrKwK42nAodSm9Z5wH68f7n66SoiRLCdGCkDaqbWz2TlX4zYHIjogj1HJA=="
      },
      "XNAssets.MonoGame": {
        "type": "Transitive",
        "resolved": "0.7.1",
        "contentHash": "bhbw4Cf902F+U5Q9LThTWwp9t/wp9hS7woZCCy05iLMCAu8Ltpu+x/rJ/C6/Q7Eyf2CkHseZ4msrOeIlMTTXcQ==",
        "dependencies": {
          "AssetManagementBase": "0.6.7",
          "Cyotek.Drawing.BitmapFont": "2.0.4",
          "DdsKtxXna.MonoGame": "0.4.4",
          "StbImageSharp": "2.27.13"
        }
      },
      "YamlDotNet": {
        "type": "Transitive",
        "resolved": "15.1.2",
        "contentHash": "qeX0XhzOIcQEvnI5JxnPaIwcINwyY4Qy/LXhSfsdHkFrl9F41AT52UFfy2nIE7kgrhMg+cP7xuS+GtPJhmHmTA=="
      },
      "shared": {
        "type": "Project",
        "dependencies": {
          "LiteNetLib": "[1.2.0, )",
          "MonoGame.Framework.DesktopGL": "[3.8.1.303, )",
          "YamlDotNet": "[15.1.2, )"
        }
      }
    }
  }
}