{
  "version": 1,
  "dependencies": {
    "net7.0": {
      "LiteNetLib": {
        "type": "Direct",
        "requested": "[1.1.0, )",
        "resolved": "1.1.0",
        "contentHash": "GavpDPs65Y4vvAeECbApWXynTOn7f7IVIHmRKpPmzLWSf3vllcxHN4XPN+Tu3YFqIwOYUdgI8fhkCMhn4FLQCw=="
      },
      "MonoGame.Content.Builder.Task": {
        "type": "Direct",
        "requested": "[3.8.*, )",
        "resolved": "3.8.1.303",
        "contentHash": "9Ilzzje62LhWElbPNEl7vh7XsRSbze+lvCJdZtTZUGu48FRgvYN6THURwIB9PN98EI33/Wnf6iuShNUtD7hL4Q=="
      },
      "MonoGame.Framework.DesktopGL": {
        "type": "Direct",
        "requested": "[3.8.*, )",
        "resolved": "3.8.1.303",
        "contentHash": "eGYhqn0n1olk8MNYeE9EuBmoNNECN1T18rPMaQpkzsEQ0H3nVyFPXC+uCo78v5pi5juQpJ3PSFnSkjzZJ1U58A=="
      },
      "Nopipeline.Task": {
        "type": "Direct",
        "requested": "[2.2.*, )",
        "resolved": "2.2.0",
        "contentHash": "u06nYzGcXCBcnF7cRe8Xa0KxBxGx8grhujZmb3PUiMVbds8d/I6qJ+waGn0IeC7Tdwmt0P6l3v7MqdYog5rJQg=="
      },
      "YamlDotNet": {
        "type": "Transitive",
        "resolved": "13.7.0",
        "contentHash": "RKkoQSCyk/94N20SL3U15hWAqBVXHu+59upcPi8R2uhrcAalyVa4Y/vYdXQ7MXQ71Lut//DH0tLcYByAkGmXhA=="
      },
      "shared": {
        "type": "Project",
        "dependencies": {
          "LiteNetLib": "[1.1.0, )",
          "MonoGame.Framework.DesktopGL": "[3.8.1.303, )",
          "YamlDotNet": "[13.7.0, )"
        }
      }
    }
  }
}